
Microsoft Visual Studio Solution File, Format Version 12.00
# Visual Studio Version 17
VisualStudioVersion = 17.3.32922.545
MinimumVisualStudioVersion = 10.0.40219.1
Project("{FAE04EC0-301F-11D3-BF4B-00C04F79EFBC}") = "IdentityManager_Own", "IdentityManager_Own\IdentityManager_Own.csproj", "{5442160D-98B5-469A-8BFB-62884B286693}"
EndProject
Global
	GlobalSection(SolutionConfigurationPlatforms) = preSolution
		Debug|Any CPU = Debug|Any CPU
		Release|Any CPU = Release|Any CPU
	EndGlobalSection
	GlobalSection(ProjectConfigurationPlatforms) = postSolution
		{5442160D-98B5-469A-8BFB-62884B286693}.Debug|Any CPU.ActiveCfg = Debug|Any CPU
		{5442160D-98B5-469A-8BFB-62884B286693}.Debug|Any CPU.Build.0 = Debug|Any CPU
		{5442160D-98B5-469A-8BFB-62884B286693}.Release|Any CPU.ActiveCfg = Release|Any CPU
		{5442160D-98B5-469A-8BFB-62884B286693}.Release|Any CPU.Build.0 = Release|Any CPU
	EndGlobalSection
	GlobalSection(SolutionProperties) = preSolution
		HideSolutionNode = FALSE
	EndGlobalSection
	GlobalSection(ExtensibilityGlobals) = postSolution
		SolutionGuid = {4723DF86-074B-43A9-9076-4F680FF03BD1}
	EndGlobalSection
EndGlobal
